
Microsoft Visual Studio Solution File, Format Version 12.00
# Visual Studio Version 16
VisualStudioVersion = 16.0.31613.86
MinimumVisualStudioVersion = 10.0.40219.1
Project("{FAE04EC0-301F-11D3-BF4B-00C04F79EFBC}") = "appTeste", "appTeste\appTeste.csproj", "{B4BF7B0C-0CBB-41B0-AE91-CA04511E2D52}"
EndProject
Global
	GlobalSection(SolutionConfigurationPlatforms) = preSolution
		Debug|Any CPU = Debug|Any CPU
		Release|Any CPU = Release|Any CPU
	EndGlobalSection
	GlobalSection(ProjectConfigurationPlatforms) = postSolution
		{B4BF7B0C-0CBB-41B0-AE91-CA04511E2D52}.Debug|Any CPU.ActiveCfg = Debug|Any CPU
		{B4BF7B0C-0CBB-41B0-AE91-CA04511E2D52}.Debug|Any CPU.Build.0 = Debug|Any CPU
		{B4BF7B0C-0CBB-41B0-AE91-CA04511E2D52}.Release|Any CPU.ActiveCfg = Release|Any CPU
		{B4BF7B0C-0CBB-41B0-AE91-CA04511E2D52}.Release|Any CPU.Build.0 = Release|Any CPU
	EndGlobalSection
	GlobalSection(SolutionProperties) = preSolution
		HideSolutionNode = FALSE
	EndGlobalSection
	GlobalSection(ExtensibilityGlobals) = postSolution
		SolutionGuid = {5B19F4BC-E295-4527-B823-19A6883447E3}
	EndGlobalSection
EndGlobal
